
Microsoft Visual Studio Solution File, Format Version 12.00
# Visual Studio Version 17
VisualStudioVersion = 17.5.33424.131
MinimumVisualStudioVersion = 10.0.40219.1
Project("{FAE04EC0-301F-11D3-BF4B-00C04F79EFBC}") = "İnheritance", "İnheritance.csproj", "{98236E3D-8F63-4644-BB32-E73CB8D8EDDE}"
EndProject
Global
	GlobalSection(SolutionConfigurationPlatforms) = preSolution
		Debug|Any CPU = Debug|Any CPU
		Release|Any CPU = Release|Any CPU
	EndGlobalSection
	GlobalSection(ProjectConfigurationPlatforms) = postSolution
		{98236E3D-8F63-4644-BB32-E73CB8D8EDDE}.Debug|Any CPU.ActiveCfg = Debug|Any CPU
		{98236E3D-8F63-4644-BB32-E73CB8D8EDDE}.Debug|Any CPU.Build.0 = Debug|Any CPU
		{98236E3D-8F63-4644-BB32-E73CB8D8EDDE}.Release|Any CPU.ActiveCfg = Release|Any CPU
		{98236E3D-8F63-4644-BB32-E73CB8D8EDDE}.Release|Any CPU.Build.0 = Release|Any CPU
	EndGlobalSection
	GlobalSection(SolutionProperties) = preSolution
		HideSolutionNode = FALSE
	EndGlobalSection
	GlobalSection(ExtensibilityGlobals) = postSolution
		SolutionGuid = {2B35F637-E247-44F5-9734-D84B00C7F34F}
	EndGlobalSection
EndGlobal
