
Microsoft Visual Studio Solution File, Format Version 12.00
# Visual Studio Version 17
VisualStudioVersion = 17.5.33424.131
MinimumVisualStudioVersion = 10.0.40219.1
Project("{FAE04EC0-301F-11D3-BF4B-00C04F79EFBC}") = "AbstructClass", "AbstructClass.csproj", "{A7D94909-1D72-4D23-82E9-327A57F592F9}"
EndProject
Global
	GlobalSection(SolutionConfigurationPlatforms) = preSolution
		Debug|Any CPU = Debug|Any CPU
		Release|Any CPU = Release|Any CPU
	EndGlobalSection
	GlobalSection(ProjectConfigurationPlatforms) = postSolution
		{A7D94909-1D72-4D23-82E9-327A57F592F9}.Debug|Any CPU.ActiveCfg = Debug|Any CPU
		{A7D94909-1D72-4D23-82E9-327A57F592F9}.Debug|Any CPU.Build.0 = Debug|Any CPU
		{A7D94909-1D72-4D23-82E9-327A57F592F9}.Release|Any CPU.ActiveCfg = Release|Any CPU
		{A7D94909-1D72-4D23-82E9-327A57F592F9}.Release|Any CPU.Build.0 = Release|Any CPU
	EndGlobalSection
	GlobalSection(SolutionProperties) = preSolution
		HideSolutionNode = FALSE
	EndGlobalSection
	GlobalSection(ExtensibilityGlobals) = postSolution
		SolutionGuid = {DD64C7C6-1E8E-4A9A-AE4A-B42C78D21B15}
	EndGlobalSection
EndGlobal
