
Microsoft Visual Studio Solution File, Format Version 12.00
# Visual Studio Version 17
VisualStudioVersion = 17.5.33424.131
MinimumVisualStudioVersion = 10.0.40219.1
Project("{FAE04EC0-301F-11D3-BF4B-00C04F79EFBC}") = "kalıtım", "kalıtım.csproj", "{E83BD922-EA42-4660-8247-1F4040DA5D0C}"
EndProject
Global
	GlobalSection(SolutionConfigurationPlatforms) = preSolution
		Debug|Any CPU = Debug|Any CPU
		Release|Any CPU = Release|Any CPU
	EndGlobalSection
	GlobalSection(ProjectConfigurationPlatforms) = postSolution
		{E83BD922-EA42-4660-8247-1F4040DA5D0C}.Debug|Any CPU.ActiveCfg = Debug|Any CPU
		{E83BD922-EA42-4660-8247-1F4040DA5D0C}.Debug|Any CPU.Build.0 = Debug|Any CPU
		{E83BD922-EA42-4660-8247-1F4040DA5D0C}.Release|Any CPU.ActiveCfg = Release|Any CPU
		{E83BD922-EA42-4660-8247-1F4040DA5D0C}.Release|Any CPU.Build.0 = Release|Any CPU
	EndGlobalSection
	GlobalSection(SolutionProperties) = preSolution
		HideSolutionNode = FALSE
	EndGlobalSection
	GlobalSection(ExtensibilityGlobals) = postSolution
		SolutionGuid = {A7AB3A82-773E-4FA3-8490-231FC7C9D311}
	EndGlobalSection
EndGlobal
